
Microsoft Visual Studio Solution File, Format Version 12.00
# Visual Studio Version 16
VisualStudioVersion = 16.0.29306.81
MinimumVisualStudioVersion = 10.0.40219.1
Project("{8BC9CEB8-8B4A-11D0-8D11-00A0C91BC942}") = "Lottery-Application", "Lottery-Application\Lottery-Application.vcxproj", "{E6AEAFBB-E50C-4E4E-A628-F4109AB66619}"
EndProject
Global
	GlobalSection(SolutionConfigurationPlatforms) = preSolution
		Debug|x64 = Debug|x64
		Debug|x86 = Debug|x86
		Release|x64 = Release|x64
		Release|x86 = Release|x86
	EndGlobalSection
	GlobalSection(ProjectConfigurationPlatforms) = postSolution
		{E6AEAFBB-E50C-4E4E-A628-F4109AB66619}.Debug|x64.ActiveCfg = Debug|x64
		{E6AEAFBB-E50C-4E4E-A628-F4109AB66619}.Debug|x64.Build.0 = Debug|x64
		{E6AEAFBB-E50C-4E4E-A628-F4109AB66619}.Debug|x86.ActiveCfg = Debug|Win32
		{E6AEAFBB-E50C-4E4E-A628-F4109AB66619}.Debug|x86.Build.0 = Debug|Win32
		{E6AEAFBB-E50C-4E4E-A628-F4109AB66619}.Release|x64.ActiveCfg = Release|x64
		{E6AEAFBB-E50C-4E4E-A628-F4109AB66619}.Release|x64.Build.0 = Release|x64
		{E6AEAFBB-E50C-4E4E-A628-F4109AB66619}.Release|x86.ActiveCfg = Release|Win32
		{E6AEAFBB-E50C-4E4E-A628-F4109AB66619}.Release|x86.Build.0 = Release|Win32
	EndGlobalSection
	GlobalSection(SolutionProperties) = preSolution
		HideSolutionNode = FALSE
	EndGlobalSection
	GlobalSection(ExtensibilityGlobals) = postSolution
		SolutionGuid = {F1BF3B13-C017-4550-A487-B6236B84291A}
	EndGlobalSection
EndGlobal
